github.com/davecgh/go-spew v1.1.1 h1:vj9j/u1bqnvCEfJOwUhtlOARqs3+rkHYY13jYWTU97c=
github.com/davecgh/go-spew v1.1.1/go.mod h1:J7Y8YcW2NihsgmVo/mv3lAwl/skON4iLHjSsI+c5H38=
github.com/google/go-cmp v0.7.0 h1:wk8382ETsv4JYUZwIsn6YpYiWiBsYLSJiTsyBybVuN8=
github.com/google/go-cmp v0.7.0/go.mod h1:pXiqmnSA92OHEEa9HXL2W4E7lf9JzCmGVUdgjX3N/iU=
github.com/pierrre/assert v0.15.5 h1:yx3E96zKdO3kQ33HG6d0PG30hVE6iLC6/bzX3T/n0bM=
github.com/pierrre/assert v0.15.5/go.mod h1:NhjPY74CzST/Fbzp1BgsmL2QFyw5tFSi30OvDKoaph4=
github.com/pierrre/compare v1.5.0 h1:t+QADhk3WbkMAljPAb07mpYSs5kl+N1iUEJyKntIsWY=
github.com/pierrre/compare v1.5.0/go.mod h1:ftjRfyE24SAsG3vNwZpcqy5lw9pD+JoMDul0tfyL7TI=
github.com/pierrre/errors v0.17.2 h1:DXY192EiKX0dvhvLO470X5rud/DkiWa1g3CMCieD3DY=
github.com/pierrre/errors v0.17.2/go.mod h1:YIGcnbg8PEVbPkagdjkQL7Y78D7F0St/4USUfgEeq9Q=
github.com/pierrre/go-libs v0.34.5 h1:9p/AvIwNjp815tHOYiu5MsUxjI4i6cHa085WcRS/G1M=
github.com/pierrre/go-libs v0.34.5/go.mod h1:GnC/s6/DXxFv2DGoRG+YXA/H57zTJmQoWWyM1nmsQ54=
github.com/pierrre/pretty v0.26.4 h1:T28vHoW+6dpt6w0bIkpDpMdhosR9NPaOi2x/xCBnAzg=
github.com/pierrre/pretty v0.26.4/go.mod h1:+A/ZvzjmDkWGBHE+8QvAvHj25XcEFEkBevWkqdCAvVk=
github.com/pmezard/go-difflib v1.0.0 h1:4DBwDE0NGyQoBHbLQYPwSUPoCMWR5BEzIk/f1lZbAQM=
github.com/pmezard/go-difflib v1.0.0/go.mod h1:iKH77koFhYxTK1pcRnkKkqfTogsbg7gZNVY4sRDYZ/4=
github.com/stretchr/testify v1.11.1 h1:7s2iGBzp5EwR7/aIZr8ao5+dra3wiQyKjjFuvgVKu7U=
github.com/stretchr/testify v1.11.1/go.mod h1:wZwfW3scLgRK+23gO65QZefKpKQRnfz6sD981Nm4B6U=
golang.org/x/sys v0.47.0 h1:o7XGOvZQCADBQQ4Y7VNq2dRWQR7JmOUW8Kxx4ZsNgWs=
golang.org/x/sys v0.47.0/go.mod h1:4GL1E5IUh+htKOUEOaiffhrAeqysfVGipDYzABqnCmw=
google.golang.org/genproto v0.0.0-20260810153831-ec0a7760b754 h1:Kj7g/XOpdB2mzcVV92AFeNKvYR5WRNpxfX5Mj3wQ2SM=
google.golang.org/genproto v0.0.0-20260810153831-ec0a7760b754/go.mod h1:UpDDw2l68z31m5UZN/Qi0Kow16ohhlJVlmqC3qRM5Q8=
google.golang.org/protobuf v1.36.12 h1:pJOKDDOyeXErUroCihFAd5LQuwXBSpVnKGrj5o/fwxc=
google.golang.org/protobuf v1.36.12/go.mod h1:HTf+CrKn2C3g5S8VImy6tdcUvCska2kB7j23XfzDpco=
gopkg.in/check.v1 v0.0.0-20161208181325-20d25e280405 h1:yhCVgyC4o1eVCa2tZl7eS0r+SDo693bJlVdllGtEeKM=
gopkg.in/check.v1 v0.0.0-20161208181325-20d25e280405/go.mod h1:Co6ibVJAznAaIkqp8huTwlJQCZ016jof/cbN4VW5Yz0=
gopkg.in/yaml.v3 v3.0.1 h1:fxVm/GzAzEWqLHuvctI91KS9hhNmmWOoWu0XTYJS7CA=
gopkg.in/yaml.v3 v3.0.1/go.mod h1:K4uyk7z7BCEPqu6E+C64Yfv1cQ7kz7rIZviUmN+EgEM=
