github.com/google/go-cmp v0.7.0 h1:wk8382ETsv4JYUZwIsn6YpYiWiBsYLSJiTsyBybVuN8=
github.com/google/go-cmp v0.7.0/go.mod h1:pXiqmnSA92OHEEa9HXL2W4E7lf9JzCmGVUdgjX3N/iU=
github.com/pierrre/assert v0.16.0 h1:wEcLpcXSPLoqvDy+HzDCwPkgxkZWeCiVF2bb/p+lMjA=
github.com/pierrre/assert v0.16.0/go.mod h1:aZP7GSl8BO1DtFPn7qkdSC+G+QQe4IOSuJCZERonpBk=
github.com/pierrre/compare v1.6.2 h1:tzsbxsr+y91UYhSdlgU9iD61Zj4ipIZf6oQ2Xi4nI78=
github.com/pierrre/compare v1.6.2/go.mod h1:ap/TwCW7/7CPkjqAYL2JiGykMx0LLfeQf88q72XIkoE=
github.com/pierrre/errors v0.18.1 h1:3C7WmcDSneB4wQTSt/imdKpC1mBapmBVTAQPoCSDtxQ=
github.com/pierrre/errors v0.18.1/go.mod h1:fXWfpVjSvLQJwZMLLQi8qyXW0ww3EcjbKZZSoOzwelE=
github.com/pierrre/go-libs v0.35.1 h1:RTWALKKQLMogh06I++3LVWtll0ugZHKebUYf/BfFISk=
github.com/pierrre/go-libs v0.35.1/go.mod h1:Ew9xuMSV33co0iFFO/MuMHui5tT6HeOCZKSmBvVZFuw=
github.com/pierrre/pretty v0.26.8 h1:gdiu+QXNJ7rsvxL241me9daFtkJAzMbk8Fc+1KIWhug=
github.com/pierrre/pretty v0.26.8/go.mod h1:HOPWCPrHoNZsG95/egRGCFYyG54PTUB+i6YfY21zy0U=
github.com/stretchr/testify v1.12.1 h1:EuwCh5fleGS7H32xRwO3wRGT7DxrDhLAT6FF8MpWDWE=
github.com/stretchr/testify v1.12.1/go.mod h1:MDEgiDPPsNp5cuIrHPPCyornHKgEVbtFUmoNlxoYthg=
go.yaml.in/yaml/v3 v3.0.5 h1:N6y/pJk8buWs9NY5ERU2HSMfm+IuD/OtfdAnq6kESPw=
go.yaml.in/yaml/v3 v3.0.5/go.mod h1:HVTZu1O7/Vkt2N+BFy8Zza+lnLsABggaTM2ZpNIGuKg=
golang.org/x/mod v0.41.0 h1:qJmnOUb4YB+FsEuM3HcWucdZASCPGhsX6uljO6pog0c=
golang.org/x/mod v0.41.0/go.mod h1:Ek9pY8RKWXwsWvd3rQiHYtMqkjSUV+s1Rj7j4H5Ur6o=
golang.org/x/sync v0.23.0 h1:KameEIfc1IkluZyXWLn39Wd4tURc6GbCiISGiZm2bQk=
golang.org/x/sync v0.23.0/go.mod h1:sUUOizhqBxiL6pEWpqNLUiaJn1ShEbZ6BBqskPbjZm0=
golang.org/x/sys v0.48.0 h1:bbX/i/6MgT9BVLM9RT1thmxL04yeTAhbEz4SyadbXoo=
golang.org/x/sys v0.48.0/go.mod h1:hNLxWAXmnKAxqDtdwIYC4bM9oQPEecfsnNMuSxOs3og=
golang.org/x/tools v0.49.0 h1:3NI7VXzL9+1WZD52Dx2ttoPwD5DWrFGpl9mFZDlmisI=
golang.org/x/tools v0.49.0/go.mod h1:SJNXV9DBKT0UbdttsQjbfJlAE/q+y36++zo3uL3N0Oo=
google.golang.org/genproto v0.0.0-20260810153831-ec0a7760b754 h1:Kj7g/XOpdB2mzcVV92AFeNKvYR5WRNpxfX5Mj3wQ2SM=
google.golang.org/genproto v0.0.0-20260810153831-ec0a7760b754/go.mod h1:UpDDw2l68z31m5UZN/Qi0Kow16ohhlJVlmqC3qRM5Q8=
google.golang.org/protobuf v1.36.12 h1:pJOKDDOyeXErUroCihFAd5LQuwXBSpVnKGrj5o/fwxc=
google.golang.org/protobuf v1.36.12/go.mod h1:HTf+CrKn2C3g5S8VImy6tdcUvCska2kB7j23XfzDpco=
